// !$*UTF8*$!
{
	archiveVersion = 1;
	classes = {
	};
	objectVersion = 56;
	objects = {

/* Begin PBXBuildFile section */
		3B786C5629212B7A00E195E0 /* FleaMarketSearchApp.swift in Sources */ = {isa = PBXBuildFile; fileRef = 3B786C5529212B7A00E195E0 /* FleaMarketSearchApp.swift */; };
		3B786C5829212B7A00E195E0 /* ContentView.swift in Sources */ = {isa = PBXBuildFile; fileRef = 3B786C5729212B7A00E195E0 /* ContentView.swift */; };
		3B786C5A29212B7C00E195E0 /* Assets.xcassets in Resources */ = {isa = PBXBuildFile; fileRef = 3B786C5929212B7C00E195E0 /* Assets.xcassets */; };
		3B786C5D29212B7C00E195E0 /* Preview Assets.xcassets in Resources */ = {isa = PBXBuildFile; fileRef = 3B786C5C29212B7C00E195E0 /* Preview Assets.xcassets */; };
		3B786C6729212B7C00E195E0 /* FleaMarketSearchTests.swift in Sources */ = {isa = PBXBuildFile; fileRef = 3B786C6629212B7C00E195E0 /* FleaMarketSearchTests.swift */; };
		3B786C7129212B7C00E195E0 /* FleaMarketSearchUITests.swift in Sources */ = {isa = PBXBuildFile; fileRef = 3B786C7029212B7C00E195E0 /* FleaMarketSearchUITests.swift */; };
		3B786C7329212B7C00E195E0 /* FleaMarketSearchUITestsLaunchTests.swift in Sources */ = {isa = PBXBuildFile; fileRef = 3B786C7229212B7C00E195E0 /* FleaMarketSearchUITestsLaunchTests.swift */; };
		3B786C802924D84200E195E0 /* WebView.swift in Sources */ = {isa = PBXBuildFile; fileRef = 3B786C7F2924D84200E195E0 /* WebView.swift */; };
		3B786C822924D9B400E195E0 /* MerucariView.swift in Sources */ = {isa = PBXBuildFile; fileRef = 3B786C812924D9B400E195E0 /* MerucariView.swift */; };
		3B786C862925C4C800E195E0 /* UserDefaultsOp.swift in Sources */ = {isa = PBXBuildFile; fileRef = 3B786C852925C4C800E195E0 /* UserDefaultsOp.swift */; };
		3B786C882926561700E195E0 /* WordsView.swift in Sources */ = {isa = PBXBuildFile; fileRef = 3B786C872926561700E195E0 /* WordsView.swift */; };
/* End PBXBuildFile section */

/* Begin PBXContainerItemProxy section */
		3B786C6329212B7C00E195E0 /* PBXContainerItemProxy */ = {
			isa = PBXContainerItemProxy;
			containerPortal = 3B786C4A29212B7A00E195E0 /* Project object */;
			proxyType = 1;
			remoteGlobalIDString = 3B786C5129212B7A00E195E0;
			remoteInfo = FleaMarketSearch;
		};
		3B786C6D29212B7C00E195E0 /* PBXContainerItemProxy */ = {
			isa = PBXContainerItemProxy;
			containerPortal = 3B786C4A29212B7A00E195E0 /* Project object */;
			proxyType = 1;
			remoteGlobalIDString = 3B786C5129212B7A00E195E0;
			remoteInfo = FleaMarketSearch;
		};
/* End PBXContainerItemProxy section */

/* Begin PBXFileReference section */
		3B786C5229212B7A00E195E0 /* FleaMarketSearch.app */ = {isa = PBXFileReference; explicitFileType = wrapper.application; includeInIndex = 0; path = FleaMarketSearch.app; sourceTree = BUILT_PRODUCTS_DIR; };
		3B786C5529212B7A00E195E0 /* FleaMarketSearchApp.swift */ = {isa = PBXFileReference; lastKnownFileType = sourcecode.swift; path = FleaMarketSearchApp.swift; sourceTree = "<group>"; };
		3B786C5729212B7A00E195E0 /* ContentView.swift */ = {isa = PBXFileReference; lastKnownFileType = sourcecode.swift; path = ContentView.swift; sourceTree = "<group>"; };
		3B786C5929212B7C00E195E0 /* Assets.xcassets */ = {isa = PBXFileReference; lastKnownFileType = folder.assetcatalog; path = Assets.xcassets; sourceTree = "<group>"; };
		3B786C5C29212B7C00E195E0 /* Preview Assets.xcassets */ = {isa = PBXFileReference; lastKnownFileType = folder.assetcatalog; path = "Preview Assets.xcassets"; sourceTree = "<group>"; };
		3B786C6229212B7C00E195E0 /* FleaMarketSearchTests.xctest */ = {isa = PBXFileReference; explicitFileType = wrapper.cfbundle; includeInIndex = 0; path = FleaMarketSearchTests.xctest; sourceTree = BUILT_PRODUCTS_DIR; };
		3B786C6629212B7C00E195E0 /* FleaMarketSearchTests.swift */ = {isa = PBXFileReference; lastKnownFileType = sourcecode.swift; path = FleaMarketSearchTests.swift; sourceTree = "<group>"; };
		3B786C6C29212B7C00E195E0 /* FleaMarketSearchUITests.xctest */ = {isa = PBXFileReference; explicitFileType = wrapper.cfbundle; includeInIndex = 0; path = FleaMarketSearchUITests.xctest; sourceTree = BUILT_PRODUCTS_DIR; };
		3B786C7029212B7C00E195E0 /* FleaMarketSearchUITests.swift */ = {isa = PBXFileReference; lastKnownFileType = sourcecode.swift; path = FleaMarketSearchUITests.swift; sourceTree = "<group>"; };
		3B786C7229212B7C00E195E0 /* FleaMarketSearchUITestsLaunchTests.swift */ = {isa = PBXFileReference; lastKnownFileType = sourcecode.swift; path = FleaMarketSearchUITestsLaunchTests.swift; sourceTree = "<group>"; };
		3B786C7F2924D84200E195E0 /* WebView.swift */ = {isa = PBXFileReference; lastKnownFileType = sourcecode.swift; path = WebView.swift; sourceTree = "<group>"; };
		3B786C812924D9B400E195E0 /* MerucariView.swift */ = {isa = PBXFileReference; lastKnownFileType = sourcecode.swift; path = MerucariView.swift; sourceTree = "<group>"; };
		3B786C852925C4C800E195E0 /* UserDefaultsOp.swift */ = {isa = PBXFileReference; lastKnownFileType = sourcecode.swift; path = UserDefaultsOp.swift; sourceTree = "<group>"; };
		3B786C872926561700E195E0 /* WordsView.swift */ = {isa = PBXFileReference; lastKnownFileType = sourcecode.swift; path = WordsView.swift; sourceTree = "<group>"; };
/* End PBXFileReference section */

/* Begin PBXFrameworksBuildPhase section */
		3B786C4F29212B7A00E195E0 /* Frameworks */ = {
			isa = PBXFrameworksBuildPhase;
			buildActionMask = 2147483647;
			files = (
			);
			runOnlyForDeploymentPostprocessing = 0;
		};
		3B786C5F29212B7C00E195E0 /* Frameworks */ = {
			isa = PBXFrameworksBuildPhase;
			buildActionMask = 2147483647;
			files = (
			);
			runOnlyForDeploymentPostprocessing = 0;
		};
		3B786C6929212B7C00E195E0 /* Frameworks */ = {
			isa = PBXFrameworksBuildPhase;
			buildActionMask = 2147483647;
			files = (
			);
			runOnlyForDeploymentPostprocessing = 0;
		};
/* End PBXFrameworksBuildPhase section */

/* Begin PBXGroup section */
		3B786C4929212B7A00E195E0 = {
			isa = PBXGroup;
			children = (
				3B786C5429212B7A00E195E0 /* FleaMarketSearch */,
				3B786C6529212B7C00E195E0 /* FleaMarketSearchTests */,
				3B786C6F29212B7C00E195E0 /* FleaMarketSearchUITests */,
				3B786C5329212B7A00E195E0 /* Products */,
			);
			sourceTree = "<group>";
		};
		3B786C5329212B7A00E195E0 /* Products */ = {
			isa = PBXGroup;
			children = (
				3B786C5229212B7A00E195E0 /* FleaMarketSearch.app */,
				3B786C6229212B7C00E195E0 /* FleaMarketSearchTests.xctest */,
				3B786C6C29212B7C00E195E0 /* FleaMarketSearchUITests.xctest */,
			);
			name = Products;
			sourceTree = "<group>";
		};
		3B786C5429212B7A00E195E0 /* FleaMarketSearch */ = {
			isa = PBXGroup;
			children = (
				3B786C5529212B7A00E195E0 /* FleaMarketSearchApp.swift */,
				3B786C7F2924D84200E195E0 /* WebView.swift */,
				3B786C5729212B7A00E195E0 /* ContentView.swift */,
				3B786C812924D9B400E195E0 /* MerucariView.swift */,
				3B786C872926561700E195E0 /* WordsView.swift */,
				3B786C852925C4C800E195E0 /* UserDefaultsOp.swift */,
				3B786C5929212B7C00E195E0 /* Assets.xcassets */,
				3B786C5B29212B7C00E195E0 /* Preview Content */,
			);
			path = FleaMarketSearch;
			sourceTree = "<group>";
		};
		3B786C5B29212B7C00E195E0 /* Preview Content */ = {
			isa = PBXGroup;
			children = (
				3B786C5C29212B7C00E195E0 /* Preview Assets.xcassets */,
			);
			path = "Preview Content";
			sourceTree = "<group>";
		};
		3B786C6529212B7C00E195E0 /* FleaMarketSearchTests */ = {
			isa = PBXGroup;
			children = (
				3B786C6629212B7C00E195E0 /* FleaMarketSearchTests.swift */,
			);
			path = FleaMarketSearchTests;
			sourceTree = "<group>";
		};
		3B786C6F29212B7C00E195E0 /* FleaMarketSearchUITests */ = {
			isa = PBXGroup;
			children = (
				3B786C7029212B7C00E195E0 /* FleaMarketSearchUITests.swift */,
				3B786C7229212B7C00E195E0 /* FleaMarketSearchUITestsLaunchTests.swift */,
			);
			path = FleaMarketSearchUITests;
			sourceTree = "<group>";
		};
/* End PBXGroup section */

/* Begin PBXNativeTarget section */
		3B786C5129212B7A00E195E0 /* FleaMarketSearch */ = {
			isa = PBXNativeTarget;
			buildConfigurationList = 3B786C7629212B7C00E195E0 /* Build configuration list for PBXNativeTarget "FleaMarketSearch" */;
			buildPhases = (
				3B786C4E29212B7A00E195E0 /* Sources */,
				3B786C4F29212B7A00E195E0 /* Frameworks */,
				3B786C5029212B7A00E195E0 /* Resources */,
			);
			buildRules = (
			);
			dependencies = (
			);
			name = FleaMarketSearch;
			productName = FleaMarketSearch;
			productReference = 3B786C5229212B7A00E195E0 /* FleaMarketSearch.app */;
			productType = "com.apple.product-type.application";
		};
		3B786C6129212B7C00E195E0 /* FleaMarketSearchTests */ = {
			isa = PBXNativeTarget;
			buildConfigurationList = 3B786C7929212B7C00E195E0 /* Build configuration list for PBXNativeTarget "FleaMarketSearchTests" */;
			buildPhases = (
				3B786C5E29212B7C00E195E0 /* Sources */,
				3B786C5F29212B7C00E195E0 /* Frameworks */,
				3B786C6029212B7C00E195E0 /* Resources */,
			);
			buildRules = (
			);
			dependencies = (
				3B786C6429212B7C00E195E0 /* PBXTargetDependency */,
			);
			name = FleaMarketSearchTests;
			productName = FleaMarketSearchTests;
			productReference = 3B786C6229212B7C00E195E0 /* FleaMarketSearchTests.xctest */;
			productType = "com.apple.product-type.bundle.unit-test";
		};
		3B786C6B29212B7C00E195E0 /* FleaMarketSearchUITests */ = {
			isa = PBXNativeTarget;
			buildConfigurationList = 3B786C7C29212B7C00E195E0 /* Build configuration list for PBXNativeTarget "FleaMarketSearchUITests" */;
			buildPhases = (
				3B786C6829212B7C00E195E0 /* Sources */,
				3B786C6929212B7C00E195E0 /* Frameworks */,
				3B786C6A29212B7C00E195E0 /* Resources */,
			);
			buildRules = (
			);
			dependencies = (
				3B786C6E29212B7C00E195E0 /* PBXTargetDependency */,
			);
			name = FleaMarketSearchUITests;
			productName = FleaMarketSearchUITests;
			productReference = 3B786C6C29212B7C00E195E0 /* FleaMarketSearchUITests.xctest */;
			productType = "com.apple.product-type.bundle.ui-testing";
		};
/* End PBXNativeTarget section */

/* Begin PBXProject section */
		3B786C4A29212B7A00E195E0 /* Project object */ = {
			isa = PBXProject;
			attributes = {
				BuildIndependentTargetsInParallel = 1;
				LastSwiftUpdateCheck = 1400;
				LastUpgradeCheck = 1400;
				TargetAttributes = {
					3B786C5129212B7A00E195E0 = {
						CreatedOnToolsVersion = 14.0.1;
					};
					3B786C6129212B7C00E195E0 = {
						CreatedOnToolsVersion = 14.0.1;
						TestTargetID = 3B786C5129212B7A00E195E0;
					};
					3B786C6B29212B7C00E195E0 = {
						CreatedOnToolsVersion = 14.0.1;
						TestTargetID = 3B786C5129212B7A00E195E0;
					};
				};
			};
			buildConfigurationList = 3B786C4D29212B7A00E195E0 /* Build configuration list for PBXProject "FleaMarketSearch" */;
			compatibilityVersion = "Xcode 14.0";
			developmentRegion = en;
			hasScannedForEncodings = 0;
			knownRegions = (
				en,
				Base,
			);
			mainGroup = 3B786C4929212B7A00E195E0;
			productRefGroup = 3B786C5329212B7A00E195E0 /* Products */;
			projectDirPath = "";
			projectRoot = "";
			targets = (
				3B786C5129212B7A00E195E0 /* FleaMarketSearch */,
				3B786C6129212B7C00E195E0 /* FleaMarketSearchTests */,
				3B786C6B29212B7C00E195E0 /* FleaMarketSearchUITests */,
			);
		};
/* End PBXProject section */

/* Begin PBXResourcesBuildPhase section */
		3B786C5029212B7A00E195E0 /* Resources */ = {
			isa = PBXResourcesBuildPhase;
			buildActionMask = 2147483647;
			files = (
				3B786C5D29212B7C00E195E0 /* Preview Assets.xcassets in Resources */,
				3B786C5A29212B7C00E195E0 /* Assets.xcassets in Resources */,
			);
			runOnlyForDeploymentPostprocessing = 0;
		};
		3B786C6029212B7C00E195E0 /* Resources */ = {
			isa = PBXResourcesBuildPhase;
			buildActionMask = 2147483647;
			files = (
			);
			runOnlyForDeploymentPostprocessing = 0;
		};
		3B786C6A29212B7C00E195E0 /* Resources */ = {
			isa = PBXResourcesBuildPhase;
			buildActionMask = 2147483647;
			files = (
			);
			runOnlyForDeploymentPostprocessing = 0;
		};
/* End PBXResourcesBuildPhase section */

/* Begin PBXSourcesBuildPhase section */
		3B786C4E29212B7A00E195E0 /* Sources */ = {
			isa = PBXSourcesBuildPhase;
			buildActionMask = 2147483647;
			files = (
				3B786C802924D84200E195E0 /* WebView.swift in Sources */,
				3B786C822924D9B400E195E0 /* MerucariView.swift in Sources */,
				3B786C882926561700E195E0 /* WordsView.swift in Sources */,
				3B786C5829212B7A00E195E0 /* ContentView.swift in Sources */,
				3B786C862925C4C800E195E0 /* UserDefaultsOp.swift in Sources */,
				3B786C5629212B7A00E195E0 /* FleaMarketSearchApp.swift in Sources */,
			);
			runOnlyForDeploymentPostprocessing = 0;
		};
		3B786C5E29212B7C00E195E0 /* Sources */ = {
			isa = PBXSourcesBuildPhase;
			buildActionMask = 2147483647;
			files = (
				3B786C6729212B7C00E195E0 /* FleaMarketSearchTests.swift in Sources */,
			);
			runOnlyForDeploymentPostprocessing = 0;
		};
		3B786C6829212B7C00E195E0 /* Sources */ = {
			isa = PBXSourcesBuildPhase;
			buildActionMask = 2147483647;
			files = (
				3B786C7329212B7C00E195E0 /* FleaMarketSearchUITestsLaunchTests.swift in Sources */,
				3B786C7129212B7C00E195E0 /* FleaMarketSearchUITests.swift in Sources */,
			);
			runOnlyForDeploymentPostprocessing = 0;
		};
/* End PBXSourcesBuildPhase section */

/* Begin PBXTargetDependency section */
		3B786C6429212B7C00E195E0 /* PBXTargetDependency */ = {
			isa = PBXTargetDependency;
			target = 3B786C5129212B7A00E195E0 /* FleaMarketSearch */;
			targetProxy = 3B786C6329212B7C00E195E0 /* PBXContainerItemProxy */;
		};
		3B786C6E29212B7C00E195E0 /* PBXTargetDependency */ = {
			isa = PBXTargetDependency;
			target = 3B786C5129212B7A00E195E0 /* FleaMarketSearch */;
			targetProxy = 3B786C6D29212B7C00E195E0 /* PBXContainerItemProxy */;
		};
/* End PBXTargetDependency section */

/* Begin XCBuildConfiguration section */
		3B786C7429212B7C00E195E0 /* Debug */ = {
			isa = XCBuildConfiguration;
			buildSettings = {
				ALWAYS_SEARCH_USER_PATHS = NO;
				CLANG_ANALYZER_NONNULL = YES;
				CLANG_ANALYZER_NUMBER_OBJECT_CONVERSION = YES_AGGRESSIVE;
				CLANG_CXX_LANGUAGE_STANDARD = "gnu++20";
				CLANG_ENABLE_MODULES = YES;
				CLANG_ENABLE_OBJC_ARC = YES;
				CLANG_ENABLE_OBJC_WEAK = YES;
				CLANG_WARN_BLOCK_CAPTURE_AUTORELEASING = YES;
				CLANG_WARN_BOOL_CONVERSION = YES;
				CLANG_WARN_COMMA = YES;
				CLANG_WARN_CONSTANT_CONVERSION = YES;
				CLANG_WARN_DEPRECATED_OBJC_IMPLEMENTATIONS = YES;
				CLANG_WARN_DIRECT_OBJC_ISA_USAGE = YES_ERROR;
				CLANG_WARN_DOCUMENTATION_COMMENTS = YES;
				CLANG_WARN_EMPTY_BODY = YES;
				CLANG_WARN_ENUM_CONVERSION = YES;
				CLANG_WARN_INFINITE_RECURSION = YES;
				CLANG_WARN_INT_CONVERSION = YES;
				CLANG_WARN_NON_LITERAL_NULL_CONVERSION = YES;
				CLANG_WARN_OBJC_IMPLICIT_RETAIN_SELF = YES;
				CLANG_WARN_OBJC_LITERAL_CONVERSION = YES;
				CLANG_WARN_OBJC_ROOT_CLASS = YES_ERROR;
				CLANG_WARN_QUOTED_INCLUDE_IN_FRAMEWORK_HEADER = YES;
				CLANG_WARN_RANGE_LOOP_ANALYSIS = YES;
				CLANG_WARN_STRICT_PROTOTYPES = YES;
				CLANG_WARN_SUSPICIOUS_MOVE = YES;
				CLANG_WARN_UNGUARDED_AVAILABILITY = YES_AGGRESSIVE;
				CLANG_WARN_UNREACHABLE_CODE = YES;
				CLANG_WARN__DUPLICATE_METHOD_MATCH = YES;
				COPY_PHASE_STRIP = NO;
				DEBUG_INFORMATION_FORMAT = dwarf;
				ENABLE_STRICT_OBJC_MSGSEND = YES;
				ENABLE_TESTABILITY = YES;
				GCC_C_LANGUAGE_STANDARD = gnu11;
				GCC_DYNAMIC_NO_PIC = NO;
				GCC_NO_COMMON_BLOCKS = YES;
				GCC_OPTIMIZATION_LEVEL = 0;
				GCC_PREPROCESSOR_DEFINITIONS = (
					"DEBUG=1",
					"$(inherited)",
				);
				GCC_WARN_64_TO_32_BIT_CONVERSION = YES;
				GCC_WARN_ABOUT_RETURN_TYPE = YES_ERROR;
				GCC_WARN_UNDECLARED_SELECTOR = YES;
				GCC_WARN_UNINITIALIZED_AUTOS = YES_AGGRESSIVE;
				GCC_WARN_UNUSED_FUNCTION = YES;
				GCC_WARN_UNUSED_VARIABLE = YES;
				IPHONEOS_DEPLOYMENT_TARGET = 16.0;
				MTL_ENABLE_DEBUG_INFO = INCLUDE_SOURCE;
				MTL_FAST_MATH = YES;
				ONLY_ACTIVE_ARCH = YES;
				SDKROOT = iphoneos;
				SWIFT_ACTIVE_COMPILATION_CONDITIONS = DEBUG;
				SWIFT_OPTIMIZATION_LEVEL = "-Onone";
			};
			name = Debug;
		};
		3B786C7529212B7C00E195E0 /* Release */ = {
			isa = XCBuildConfiguration;
			buildSettings = {
				ALWAYS_SEARCH_USER_PATHS = NO;
				CLANG_ANALYZER_NONNULL = YES;
				CLANG_ANALYZER_NUMBER_OBJECT_CONVERSION = YES_AGGRESSIVE;
				CLANG_CXX_LANGUAGE_STANDARD = "gnu++20";
				CLANG_ENABLE_MODULES = YES;
				CLANG_ENABLE_OBJC_ARC = YES;
				CLANG_ENABLE_OBJC_WEAK = YES;
				CLANG_WARN_BLOCK_CAPTURE_AUTORELEASING = YES;
				CLANG_WARN_BOOL_CONVERSION = YES;
				CLANG_WARN_COMMA = YES;
				CLANG_WARN_CONSTANT_CONVERSION = YES;
				CLANG_WARN_DEPRECATED_OBJC_IMPLEMENTATIONS = YES;
				CLANG_WARN_DIRECT_OBJC_ISA_USAGE = YES_ERROR;
				CLANG_WARN_DOCUMENTATION_COMMENTS = YES;
				CLANG_WARN_EMPTY_BODY = YES;
				CLANG_WARN_ENUM_CONVERSION = YES;
				CLANG_WARN_INFINITE_RECURSION = YES;
				CLANG_WARN_INT_CONVERSION = YES;
				CLANG_WARN_NON_LITERAL_NULL_CONVERSION = YES;
				CLANG_WARN_OBJC_IMPLICIT_RETAIN_SELF = YES;
				CLANG_WARN_OBJC_LITERAL_CONVERSION = YES;
				CLANG_WARN_OBJC_ROOT_CLASS = YES_ERROR;
				CLANG_WARN_QUOTED_INCLUDE_IN_FRAMEWORK_HEADER = YES;
				CLANG_WARN_RANGE_LOOP_ANALYSIS = YES;
				CLANG_WARN_STRICT_PROTOTYPES = YES;
				CLANG_WARN_SUSPICIOUS_MOVE = YES;
				CLANG_WARN_UNGUARDED_AVAILABILITY = YES_AGGRESSIVE;
				CLANG_WARN_UNREACHABLE_CODE = YES;
				CLANG_WARN__DUPLICATE_METHOD_MATCH = YES;
				COPY_PHASE_STRIP = NO;
				DEBUG_INFORMATION_FORMAT = "dwarf-with-dsym";
				ENABLE_NS_ASSERTIONS = NO;
				ENABLE_STRICT_OBJC_MSGSEND = YES;
				GCC_C_LANGUAGE_STANDARD = gnu11;
				GCC_NO_COMMON_BLOCKS = YES;
				GCC_WARN_64_TO_32_BIT_CONVERSION = YES;
				GCC_WARN_ABOUT_RETURN_TYPE = YES_ERROR;
				GCC_WARN_UNDECLARED_SELECTOR = YES;
				GCC_WARN_UNINITIALIZED_AUTOS = YES_AGGRESSIVE;
				GCC_WARN_UNUSED_FUNCTION = YES;
				GCC_WARN_UNUSED_VARIABLE = YES;
				IPHONEOS_DEPLOYMENT_TARGET = 16.0;
				MTL_ENABLE_DEBUG_INFO = NO;
				MTL_FAST_MATH = YES;
				SDKROOT = iphoneos;
				SWIFT_COMPILATION_MODE = wholemodule;
				SWIFT_OPTIMIZATION_LEVEL = "-O";
				VALIDATE_PRODUCT = YES;
			};
			name = Release;
		};
		3B786C7729212B7C00E195E0 /* Debug */ = {
			isa = XCBuildConfiguration;
			buildSettings = {
				ASSETCATALOG_COMPILER_APPICON_NAME = AppIcon;
				ASSETCATALOG_COMPILER_GLOBAL_ACCENT_COLOR_NAME = AccentColor;
				CODE_SIGN_STYLE = Automatic;
				CURRENT_PROJECT_VERSION = 1;
				DEVELOPMENT_ASSET_PATHS = "\"FleaMarketSearch/Preview Content\"";
				DEVELOPMENT_TEAM = SL8J8H9VZQ;
				ENABLE_PREVIEWS = YES;
				GENERATE_INFOPLIST_FILE = YES;
				INFOPLIST_KEY_UIApplicationSceneManifest_Generation = YES;
				INFOPLIST_KEY_UIApplicationSupportsIndirectInputEvents = YES;
				INFOPLIST_KEY_UILaunchScreen_Generation = YES;
				INFOPLIST_KEY_UISupportedInterfaceOrientations_iPad = "UIInterfaceOrientationPortrait UIInterfaceOrientationPortraitUpsideDown UIInterfaceOrientationLandscapeLeft UIInterfaceOrientationLandscapeRight";
				INFOPLIST_KEY_UISupportedInterfaceOrientations_iPhone = "UIInterfaceOrientationPortrait UIInterfaceOrientationLandscapeLeft UIInterfaceOrientationLandscapeRight";
				LD_RUNPATH_SEARCH_PATHS = (
					"$(inherited)",
					"@executable_path/Frameworks",
				);
				MARKETING_VERSION = 1.0;
				PRODUCT_BUNDLE_IDENTIFIER = "com.protonmail-kabikirar2.FleaMarketSearch";
				PRODUCT_NAME = "$(TARGET_NAME)";
				SWIFT_EMIT_LOC_STRINGS = YES;
				SWIFT_VERSION = 5.0;
				TARGETED_DEVICE_FAMILY = "1,2";
			};
			name = Debug;
		};
		3B786C7829212B7C00E195E0 /* Release */ = {
			isa = XCBuildConfiguration;
			buildSettings = {
				ASSETCATALOG_COMPILER_APPICON_NAME = AppIcon;
				ASSETCATALOG_COMPILER_GLOBAL_ACCENT_COLOR_NAME = AccentColor;
				CODE_SIGN_STYLE = Automatic;
				CURRENT_PROJECT_VERSION = 1;
				DEVELOPMENT_ASSET_PATHS = "\"FleaMarketSearch/Preview Content\"";
				DEVELOPMENT_TEAM = SL8J8H9VZQ;
				ENABLE_PREVIEWS = YES;
				GENERATE_INFOPLIST_FILE = YES;
				INFOPLIST_KEY_UIApplicationSceneManifest_Generation = YES;
				INFOPLIST_KEY_UIApplicationSupportsIndirectInputEvents = YES;
				INFOPLIST_KEY_UILaunchScreen_Generation = YES;
				INFOPLIST_KEY_UISupportedInterfaceOrientations_iPad = "UIInterfaceOrientationPortrait UIInterfaceOrientationPortraitUpsideDown UIInterfaceOrientationLandscapeLeft UIInterfaceOrientationLandscapeRight";
				INFOPLIST_KEY_UISupportedInterfaceOrientations_iPhone = "UIInterfaceOrientationPortrait UIInterfaceOrientationLandscapeLeft UIInterfaceOrientationLandscapeRight";
				LD_RUNPATH_SEARCH_PATHS = (
					"$(inherited)",
					"@executable_path/Frameworks",
				);
				MARKETING_VERSION = 1.0;
				PRODUCT_BUNDLE_IDENTIFIER = "com.protonmail-kabikirar2.FleaMarketSearch";
				PRODUCT_NAME = "$(TARGET_NAME)";
				SWIFT_EMIT_LOC_STRINGS = YES;
				SWIFT_VERSION = 5.0;
				TARGETED_DEVICE_FAMILY = "1,2";
			};
			name = Release;
		};
		3B786C7A29212B7C00E195E0 /* Debug */ = {
			isa = XCBuildConfiguration;
			buildSettings = {
				ALWAYS_EMBED_SWIFT_STANDARD_LIBRARIES = YES;
				BUNDLE_LOADER = "$(TEST_HOST)";
				CODE_SIGN_STYLE = Automatic;
				CURRENT_PROJECT_VERSION = 1;
				DEVELOPMENT_TEAM = SL8J8H9VZQ;
				GENERATE_INFOPLIST_FILE = YES;
				IPHONEOS_DEPLOYMENT_TARGET = 16.0;
				MARKETING_VERSION = 1.0;
				PRODUCT_BUNDLE_IDENTIFIER = "com.protonmail-kabikirar2.FleaMarketSearchTests";
				PRODUCT_NAME = "$(TARGET_NAME)";
				SWIFT_EMIT_LOC_STRINGS = NO;
				SWIFT_VERSION = 5.0;
				TARGETED_DEVICE_FAMILY = "1,2";
				TEST_HOST = "$(BUILT_PRODUCTS_DIR)/FleaMarketSearch.app/$(BUNDLE_EXECUTABLE_FOLDER_PATH)/FleaMarketSearch";
			};
			name = Debug;
		};
		3B786C7B29212B7C00E195E0 /* Release */ = {
			isa = XCBuildConfiguration;
			buildSettings = {
				ALWAYS_EMBED_SWIFT_STANDARD_LIBRARIES = YES;
				BUNDLE_LOADER = "$(TEST_HOST)";
				CODE_SIGN_STYLE = Automatic;
				CURRENT_PROJECT_VERSION = 1;
				DEVELOPMENT_TEAM = SL8J8H9VZQ;
				GENERATE_INFOPLIST_FILE = YES;
				IPHONEOS_DEPLOYMENT_TARGET = 16.0;
				MARKETING_VERSION = 1.0;
				PRODUCT_BUNDLE_IDENTIFIER = "com.protonmail-kabikirar2.FleaMarketSearchTests";
				PRODUCT_NAME = "$(TARGET_NAME)";
				SWIFT_EMIT_LOC_STRINGS = NO;
				SWIFT_VERSION = 5.0;
				TARGETED_DEVICE_FAMILY = "1,2";
				TEST_HOST = "$(BUILT_PRODUCTS_DIR)/FleaMarketSearch.app/$(BUNDLE_EXECUTABLE_FOLDER_PATH)/FleaMarketSearch";
			};
			name = Release;
		};
		3B786C7D29212B7C00E195E0 /* Debug */ = {
			isa = XCBuildConfiguration;
			buildSettings = {
				ALWAYS_EMBED_SWIFT_STANDARD_LIBRARIES = YES;
				CODE_SIGN_STYLE = Automatic;
				CURRENT_PROJECT_VERSION = 1;
				DEVELOPMENT_TEAM = SL8J8H9VZQ;
				GENERATE_INFOPLIST_FILE = YES;
				MARKETING_VERSION = 1.0;
				PRODUCT_BUNDLE_IDENTIFIER = "com.protonmail-kabikirar2.FleaMarketSearchUITests";
				PRODUCT_NAME = "$(TARGET_NAME)";
				SWIFT_EMIT_LOC_STRINGS = NO;
				SWIFT_VERSION = 5.0;
				TARGETED_DEVICE_FAMILY = "1,2";
				TEST_TARGET_NAME = FleaMarketSearch;
			};
			name = Debug;
		};
		3B786C7E29212B7C00E195E0 /* Release */ = {
			isa = XCBuildConfiguration;
			buildSettings = {
				ALWAYS_EMBED_SWIFT_STANDARD_LIBRARIES = YES;
				CODE_SIGN_STYLE = Automatic;
				CURRENT_PROJECT_VERSION = 1;
				DEVELOPMENT_TEAM = SL8J8H9VZQ;
				GENERATE_INFOPLIST_FILE = YES;
				MARKETING_VERSION = 1.0;
				PRODUCT_BUNDLE_IDENTIFIER = "com.protonmail-kabikirar2.FleaMarketSearchUITests";
				PRODUCT_NAME = "$(TARGET_NAME)";
				SWIFT_EMIT_LOC_STRINGS = NO;
				SWIFT_VERSION = 5.0;
				TARGETED_DEVICE_FAMILY = "1,2";
				TEST_TARGET_NAME = FleaMarketSearch;
			};
			name = Release;
		};
/* End XCBuildConfiguration section */

/* Begin XCConfigurationList section */
		3B786C4D29212B7A00E195E0 /* Build configuration list for PBXProject "FleaMarketSearch" */ = {
			isa = XCConfigurationList;
			buildConfigurations = (
				3B786C7429212B7C00E195E0 /* Debug */,
				3B786C7529212B7C00E195E0 /* Release */,
			);
			defaultConfigurationIsVisible = 0;
			defaultConfigurationName = Release;
		};
		3B786C7629212B7C00E195E0 /* Build configuration list for PBXNativeTarget "FleaMarketSearch" */ = {
			isa = XCConfigurationList;
			buildConfigurations = (
				3B786C7729212B7C00E195E0 /* Debug */,
				3B786C7829212B7C00E195E0 /* Release */,
			);
			defaultConfigurationIsVisible = 0;
			defaultConfigurationName = Release;
		};
		3B786C7929212B7C00E195E0 /* Build configuration list for PBXNativeTarget "FleaMarketSearchTests" */ = {
			isa = XCConfigurationList;
			buildConfigurations = (
				3B786C7A29212B7C00E195E0 /* Debug */,
				3B786C7B29212B7C00E195E0 /* Release */,
			);
			defaultConfigurationIsVisible = 0;
			defaultConfigurationName = Release;
		};
		3B786C7C29212B7C00E195E0 /* Build configuration list for PBXNativeTarget "FleaMarketSearchUITests" */ = {
			isa = XCConfigurationList;
			buildConfigurations = (
				3B786C7D29212B7C00E195E0 /* Debug */,
				3B786C7E29212B7C00E195E0 /* Release */,
			);
			defaultConfigurationIsVisible = 0;
			defaultConfigurationName = Release;
		};
/* End XCConfigurationList section */
	};
	rootObject = 3B786C4A29212B7A00E195E0 /* Project object */;
}
